
Microsoft Visual Studio Solution File, Format Version 12.00
# Visual Studio Version 17
VisualStudioVersion = 17.0.31903.59
MinimumVisualStudioVersion = 10.0.40219.1
Project("{FAE04EC0-301F-11D3-BF4B-00C04F79EFBC}") = "Blend.Umbraco.AltTextAi", "Blend.Umbraco.AltTextAi\Blend.Umbraco.AltTextAi.csproj", "{DA31B54A-14D7-459B-8509-C3F784599FCD}"
EndProject
Project("{FAE04EC0-301F-11D3-BF4B-00C04F79EFBC}") = "Blend.Umbraco.AltTextAi.Umbraco14", "Blend.Umbraco.AltTextAi.Umbraco14\Blend.Umbraco.AltTextAi.Umbraco14.csproj", "{2A8FA0DE-4168-4E94-8F04-7A5978C0B203}"
EndProject
Global
	GlobalSection(SolutionConfigurationPlatforms) = preSolution
		Debug|Any CPU = Debug|Any CPU
		Release|Any CPU = Release|Any CPU
	EndGlobalSection
	GlobalSection(ProjectConfigurationPlatforms) = postSolution
		{DA31B54A-14D7-459B-8509-C3F784599FCD}.Debug|Any CPU.ActiveCfg = Debug|Any CPU
		{DA31B54A-14D7-459B-8509-C3F784599FCD}.Debug|Any CPU.Build.0 = Debug|Any CPU
		{DA31B54A-14D7-459B-8509-C3F784599FCD}.Release|Any CPU.ActiveCfg = Release|Any CPU
		{DA31B54A-14D7-459B-8509-C3F784599FCD}.Release|Any CPU.Build.0 = Release|Any CPU
		{2A8FA0DE-4168-4E94-8F04-7A5978C0B203}.Debug|Any CPU.ActiveCfg = Debug|Any CPU
		{2A8FA0DE-4168-4E94-8F04-7A5978C0B203}.Debug|Any CPU.Build.0 = Debug|Any CPU
		{2A8FA0DE-4168-4E94-8F04-7A5978C0B203}.Release|Any CPU.ActiveCfg = Release|Any CPU
		{2A8FA0DE-4168-4E94-8F04-7A5978C0B203}.Release|Any CPU.Build.0 = Release|Any CPU
	EndGlobalSection
	GlobalSection(SolutionProperties) = preSolution
		HideSolutionNode = FALSE
	EndGlobalSection
EndGlobal
